
Microsoft Visual Studio Solution File, Format Version 12.00
# Visual Studio Version 17
VisualStudioVersion = 17.10.34928.147
MinimumVisualStudioVersion = 10.0.40219.1
Project("{FAE04EC0-301F-11D3-BF4B-00C04F79EFBC}") = "FinalsOOP_Victoriano", "FinalsOOP_Victoriano\FinalsOOP_Victoriano.csproj", "{AAE7CC17-E320-4305-980A-FB52C2823963}"
EndProject
Global
	GlobalSection(SolutionConfigurationPlatforms) = preSolution
		Debug|Any CPU = Debug|Any CPU
		Release|Any CPU = Release|Any CPU
	EndGlobalSection
	GlobalSection(ProjectConfigurationPlatforms) = postSolution
		{AAE7CC17-E320-4305-980A-FB52C2823963}.Debug|Any CPU.ActiveCfg = Debug|Any CPU
		{AAE7CC17-E320-4305-980A-FB52C2823963}.Debug|Any CPU.Build.0 = Debug|Any CPU
		{AAE7CC17-E320-4305-980A-FB52C2823963}.Release|Any CPU.ActiveCfg = Release|Any CPU
		{AAE7CC17-E320-4305-980A-FB52C2823963}.Release|Any CPU.Build.0 = Release|Any CPU
	EndGlobalSection
	GlobalSection(SolutionProperties) = preSolution
		HideSolutionNode = FALSE
	EndGlobalSection
	GlobalSection(ExtensibilityGlobals) = postSolution
		SolutionGuid = {516A73FD-B63C-480E-B52F-8E02833E61A4}
	EndGlobalSection
EndGlobal
